
Microsoft Visual Studio Solution File, Format Version 12.00
# Visual Studio Version 16
VisualStudioVersion = 16.0.32106.194
MinimumVisualStudioVersion = 10.0.40219.1
Project("{FAE04EC0-301F-11D3-BF4B-00C04F79EFBC}") = "XamarinFormsLayoutChangesBug.UWP", "XamarinFormsLayoutChangesBug\XamarinFormsLayoutChangesBug.UWP\XamarinFormsLayoutChangesBug.UWP.csproj", "{7E4E86CF-7321-45F9-A643-7578FAD6F01A}"
EndProject
Project("{FAE04EC0-301F-11D3-BF4B-00C04F79EFBC}") = "XamarinFormsLayoutChangesBug.Android", "XamarinFormsLayoutChangesBug\XamarinFormsLayoutChangesBug.Android\XamarinFormsLayoutChangesBug.Android.csproj", "{1C3B6F12-3FE7-4CC8-AFB3-C0767D1FE87D}"
EndProject
Project("{FAE04EC0-301F-11D3-BF4B-00C04F79EFBC}") = "XamarinFormsLayoutChangesBug", "XamarinFormsLayoutChangesBug\XamarinFormsLayoutChangesBug\XamarinFormsLayoutChangesBug.csproj", "{BECF3BF2-5A39-49E2-B37A-76E6325E3285}"
EndProject
Global
	GlobalSection(SolutionConfigurationPlatforms) = preSolution
		Debug|Any CPU = Debug|Any CPU
		Debug|ARM = Debug|ARM
		Debug|x64 = Debug|x64
		Debug|x86 = Debug|x86
		Release|Any CPU = Release|Any CPU
		Release|ARM = Release|ARM
		Release|x64 = Release|x64
		Release|x86 = Release|x86
	EndGlobalSection
	GlobalSection(ProjectConfigurationPlatforms) = postSolution
		{7E4E86CF-7321-45F9-A643-7578FAD6F01A}.Debug|Any CPU.ActiveCfg = Debug|x86
		{7E4E86CF-7321-45F9-A643-7578FAD6F01A}.Debug|Any CPU.Build.0 = Debug|x86
		{7E4E86CF-7321-45F9-A643-7578FAD6F01A}.Debug|Any CPU.Deploy.0 = Debug|x86
		{7E4E86CF-7321-45F9-A643-7578FAD6F01A}.Debug|ARM.ActiveCfg = Debug|ARM
		{7E4E86CF-7321-45F9-A643-7578FAD6F01A}.Debug|ARM.Build.0 = Debug|ARM
		{7E4E86CF-7321-45F9-A643-7578FAD6F01A}.Debug|ARM.Deploy.0 = Debug|ARM
		{7E4E86CF-7321-45F9-A643-7578FAD6F01A}.Debug|x64.ActiveCfg = Debug|x64
		{7E4E86CF-7321-45F9-A643-7578FAD6F01A}.Debug|x64.Build.0 = Debug|x64
		{7E4E86CF-7321-45F9-A643-7578FAD6F01A}.Debug|x64.Deploy.0 = Debug|x64
		{7E4E86CF-7321-45F9-A643-7578FAD6F01A}.Debug|x86.ActiveCfg = Debug|x86
		{7E4E86CF-7321-45F9-A643-7578FAD6F01A}.Debug|x86.Build.0 = Debug|x86
		{7E4E86CF-7321-45F9-A643-7578FAD6F01A}.Debug|x86.Deploy.0 = Debug|x86
		{7E4E86CF-7321-45F9-A643-7578FAD6F01A}.Release|Any CPU.ActiveCfg = Release|x86
		{7E4E86CF-7321-45F9-A643-7578FAD6F01A}.Release|Any CPU.Build.0 = Release|x86
		{7E4E86CF-7321-45F9-A643-7578FAD6F01A}.Release|Any CPU.Deploy.0 = Release|x86
		{7E4E86CF-7321-45F9-A643-7578FAD6F01A}.Release|ARM.ActiveCfg = Release|ARM
		{7E4E86CF-7321-45F9-A643-7578FAD6F01A}.Release|ARM.Build.0 = Release|ARM
		{7E4E86CF-7321-45F9-A643-7578FAD6F01A}.Release|ARM.Deploy.0 = Release|ARM
		{7E4E86CF-7321-45F9-A643-7578FAD6F01A}.Release|x64.ActiveCfg = Release|x64
		{7E4E86CF-7321-45F9-A643-7578FAD6F01A}.Release|x64.Build.0 = Release|x64
		{7E4E86CF-7321-45F9-A643-7578FAD6F01A}.Release|x64.Deploy.0 = Release|x64
		{7E4E86CF-7321-45F9-A643-7578FAD6F01A}.Release|x86.ActiveCfg = Release|x86
		{7E4E86CF-7321-45F9-A643-7578FAD6F01A}.Release|x86.Build.0 = Release|x86
		{7E4E86CF-7321-45F9-A643-7578FAD6F01A}.Release|x86.Deploy.0 = Release|x86
		{1C3B6F12-3FE7-4CC8-AFB3-C0767D1FE87D}.Debug|Any CPU.ActiveCfg = Debug|Any CPU
		{1C3B6F12-3FE7-4CC8-AFB3-C0767D1FE87D}.Debug|Any CPU.Build.0 = Debug|Any CPU
		{1C3B6F12-3FE7-4CC8-AFB3-C0767D1FE87D}.Debug|Any CPU.Deploy.0 = Debug|Any CPU
		{1C3B6F12-3FE7-4CC8-AFB3-C0767D1FE87D}.Debug|ARM.ActiveCfg = Debug|Any CPU
		{1C3B6F12-3FE7-4CC8-AFB3-C0767D1FE87D}.Debug|ARM.Build.0 = Debug|Any CPU
		{1C3B6F12-3FE7-4CC8-AFB3-C0767D1FE87D}.Debug|ARM.Deploy.0 = Debug|Any CPU
		{1C3B6F12-3FE7-4CC8-AFB3-C0767D1FE87D}.Debug|x64.ActiveCfg = Debug|Any CPU
		{1C3B6F12-3FE7-4CC8-AFB3-C0767D1FE87D}.Debug|x64.Build.0 = Debug|Any CPU
		{1C3B6F12-3FE7-4CC8-AFB3-C0767D1FE87D}.Debug|x64.Deploy.0 = Debug|Any CPU
		{1C3B6F12-3FE7-4CC8-AFB3-C0767D1FE87D}.Debug|x86.ActiveCfg = Debug|Any CPU
		{1C3B6F12-3FE7-4CC8-AFB3-C0767D1FE87D}.Debug|x86.Build.0 = Debug|Any CPU
		{1C3B6F12-3FE7-4CC8-AFB3-C0767D1FE87D}.Debug|x86.Deploy.0 = Debug|Any CPU
		{1C3B6F12-3FE7-4CC8-AFB3-C0767D1FE87D}.Release|Any CPU.ActiveCfg = Release|Any CPU
		{1C3B6F12-3FE7-4CC8-AFB3-C0767D1FE87D}.Release|Any CPU.Build.0 = Release|Any CPU
		{1C3B6F12-3FE7-4CC8-AFB3-C0767D1FE87D}.Release|Any CPU.Deploy.0 = Release|Any CPU
		{1C3B6F12-3FE7-4CC8-AFB3-C0767D1FE87D}.Release|ARM.ActiveCfg = Release|Any CPU
		{1C3B6F12-3FE7-4CC8-AFB3-C0767D1FE87D}.Release|ARM.Build.0 = Release|Any CPU
		{1C3B6F12-3FE7-4CC8-AFB3-C0767D1FE87D}.Release|ARM.Deploy.0 = Release|Any CPU
		{1C3B6F12-3FE7-4CC8-AFB3-C0767D1FE87D}.Release|x64.ActiveCfg = Release|Any CPU
		{1C3B6F12-3FE7-4CC8-AFB3-C0767D1FE87D}.Release|x64.Build.0 = Release|Any CPU
		{1C3B6F12-3FE7-4CC8-AFB3-C0767D1FE87D}.Release|x64.Deploy.0 = Release|Any CPU
		{1C3B6F12-3FE7-4CC8-AFB3-C0767D1FE87D}.Release|x86.ActiveCfg = Release|Any CPU
		{1C3B6F12-3FE7-4CC8-AFB3-C0767D1FE87D}.Release|x86.Build.0 = Release|Any CPU
		{1C3B6F12-3FE7-4CC8-AFB3-C0767D1FE87D}.Release|x86.Deploy.0 = Release|Any CPU
		{BECF3BF2-5A39-49E2-B37A-76E6325E3285}.Debug|Any CPU.ActiveCfg = Debug|Any CPU
		{BECF3BF2-5A39-49E2-B37A-76E6325E3285}.Debug|Any CPU.Build.0 = Debug|Any CPU
		{BECF3BF2-5A39-49E2-B37A-76E6325E3285}.Debug|Any CPU.Deploy.0 = Debug|Any CPU
		{BECF3BF2-5A39-49E2-B37A-76E6325E3285}.Debug|ARM.ActiveCfg = Debug|Any CPU
		{BECF3BF2-5A39-49E2-B37A-76E6325E3285}.Debug|ARM.Build.0 = Debug|Any CPU
		{BECF3BF2-5A39-49E2-B37A-76E6325E3285}.Debug|ARM.Deploy.0 = Debug|Any CPU
		{BECF3BF2-5A39-49E2-B37A-76E6325E3285}.Debug|x64.ActiveCfg = Debug|Any CPU
		{BECF3BF2-5A39-49E2-B37A-76E6325E3285}.Debug|x64.Build.0 = Debug|Any CPU
		{BECF3BF2-5A39-49E2-B37A-76E6325E3285}.Debug|x64.Deploy.0 = Debug|Any CPU
		{BECF3BF2-5A39-49E2-B37A-76E6325E3285}.Debug|x86.ActiveCfg = Debug|Any CPU
		{BECF3BF2-5A39-49E2-B37A-76E6325E3285}.Debug|x86.Build.0 = Debug|Any CPU
		{BECF3BF2-5A39-49E2-B37A-76E6325E3285}.Debug|x86.Deploy.0 = Debug|Any CPU
		{BECF3BF2-5A39-49E2-B37A-76E6325E3285}.Release|Any CPU.ActiveCfg = Release|Any CPU
		{BECF3BF2-5A39-49E2-B37A-76E6325E3285}.Release|Any CPU.Build.0 = Release|Any CPU
		{BECF3BF2-5A39-49E2-B37A-76E6325E3285}.Release|Any CPU.Deploy.0 = Release|Any CPU
		{BECF3BF2-5A39-49E2-B37A-76E6325E3285}.Release|ARM.ActiveCfg = Release|Any CPU
		{BECF3BF2-5A39-49E2-B37A-76E6325E3285}.Release|ARM.Build.0 = Release|Any CPU
		{BECF3BF2-5A39-49E2-B37A-76E6325E3285}.Release|ARM.Deploy.0 = Release|Any CPU
		{BECF3BF2-5A39-49E2-B37A-76E6325E3285}.Release|x64.ActiveCfg = Release|Any CPU
		{BECF3BF2-5A39-49E2-B37A-76E6325E3285}.Release|x64.Build.0 = Release|Any CPU
		{BECF3BF2-5A39-49E2-B37A-76E6325E3285}.Release|x64.Deploy.0 = Release|Any CPU
		{BECF3BF2-5A39-49E2-B37A-76E6325E3285}.Release|x86.ActiveCfg = Release|Any CPU
		{BECF3BF2-5A39-49E2-B37A-76E6325E3285}.Release|x86.Build.0 = Release|Any CPU
		{BECF3BF2-5A39-49E2-B37A-76E6325E3285}.Release|x86.Deploy.0 = Release|Any CPU
	EndGlobalSection
	GlobalSection(SolutionProperties) = preSolution
		HideSolutionNode = FALSE
	EndGlobalSection
	GlobalSection(ExtensibilityGlobals) = postSolution
		SolutionGuid = {FC585303-A109-4327-BA4C-8068753AA6CB}
	EndGlobalSection
EndGlobal
